// !$*UTF8*$!
{
	archiveVersion = 1;
	classes = {
	};
	objectVersion = 77;
	objects = {

/* Begin PBXContainerItemProxy section */
		A945DA162D5736500058BBF7 /* PBXContainerItemProxy */ = {
			isa = PBXContainerItemProxy;
			containerPortal = A945D9FD2D57364F0058BBF7 /* Project object */;
			proxyType = 1;
			remoteGlobalIDString = A945DA042D57364F0058BBF7;
			remoteInfo = SwiftUICustomAlert;
		};
		A945DA202D5736500058BBF7 /* PBXContainerItemProxy */ = {
			isa = PBXContainerItemProxy;
			containerPortal = A945D9FD2D57364F0058BBF7 /* Project object */;
			proxyType = 1;
			remoteGlobalIDString = A945DA042D57364F0058BBF7;
			remoteInfo = SwiftUICustomAlert;
		};
/* End PBXContainerItemProxy section */

/* Begin PBXFileReference section */
		A945DA052D57364F0058BBF7 /* SwiftUICustomAlert.app */ = {isa = PBXFileReference; explicitFileType = wrapper.application; includeInIndex = 0; path = SwiftUICustomAlert.app; sourceTree = BUILT_PRODUCTS_DIR; };
		A945DA152D5736500058BBF7 /* SwiftUICustomAlertTests.xctest */ = {isa = PBXFileReference; explicitFileType = wrapper.cfbundle; includeInIndex = 0; path = SwiftUICustomAlertTests.xctest; sourceTree = BUILT_PRODUCTS_DIR; };
		A945DA1F2D5736500058BBF7 /* SwiftUICustomAlertUITests.xctest */ = {isa = PBXFileReference; explicitFileType = wrapper.cfbundle; includeInIndex = 0; path = SwiftUICustomAlertUITests.xctest; sourceTree = BUILT_PRODUCTS_DIR; };
/* End PBXFileReference section */

/* Begin PBXFileSystemSynchronizedRootGroup section */
		A945DA072D57364F0058BBF7 /* SwiftUICustomAlert */ = {
			isa = PBXFileSystemSynchronizedRootGroup;
			path = SwiftUICustomAlert;
			sourceTree = "<group>";
		};
		A945DA182D5736500058BBF7 /* SwiftUICustomAlertTests */ = {
			isa = PBXFileSystemSynchronizedRootGroup;
			path = SwiftUICustomAlertTests;
			sourceTree = "<group>";
		};
		A945DA222D5736500058BBF7 /* SwiftUICustomAlertUITests */ = {
			isa = PBXFileSystemSynchronizedRootGroup;
			path = SwiftUICustomAlertUITests;
			sourceTree = "<group>";
		};
/* End PBXFileSystemSynchronizedRootGroup section */

/* Begin PBXFrameworksBuildPhase section */
		A945DA022D57364F0058BBF7 /* Frameworks */ = {
			isa = PBXFrameworksBuildPhase;
			buildActionMask = 2147483647;
			files = (
			);
			runOnlyForDeploymentPostprocessing = 0;
		};
		A945DA122D5736500058BBF7 /* Frameworks */ = {
			isa = PBXFrameworksBuildPhase;
			buildActionMask = 2147483647;
			files = (
			);
			runOnlyForDeploymentPostprocessing = 0;
		};
		A945DA1C2D5736500058BBF7 /* Frameworks */ = {
			isa = PBXFrameworksBuildPhase;
			buildActionMask = 2147483647;
			files = (
			);
			runOnlyForDeploymentPostprocessing = 0;
		};
/* End PBXFrameworksBuildPhase section */

/* Begin PBXGroup section */
		A945D9FC2D57364F0058BBF7 = {
			isa = PBXGroup;
			children = (
				A945DA072D57364F0058BBF7 /* SwiftUICustomAlert */,
				A945DA182D5736500058BBF7 /* SwiftUICustomAlertTests */,
				A945DA222D5736500058BBF7 /* SwiftUICustomAlertUITests */,
				A945DA062D57364F0058BBF7 /* Products */,
			);
			sourceTree = "<group>";
		};
		A945DA062D57364F0058BBF7 /* Products */ = {
			isa = PBXGroup;
			children = (
				A945DA052D57364F0058BBF7 /* SwiftUICustomAlert.app */,
				A945DA152D5736500058BBF7 /* SwiftUICustomAlertTests.xctest */,
				A945DA1F2D5736500058BBF7 /* SwiftUICustomAlertUITests.xctest */,
			);
			name = Products;
			sourceTree = "<group>";
		};
/* End PBXGroup section */

/* Begin PBXNativeTarget section */
		A945DA042D57364F0058BBF7 /* SwiftUICustomAlert */ = {
			isa = PBXNativeTarget;
			buildConfigurationList = A945DA292D5736500058BBF7 /* Build configuration list for PBXNativeTarget "SwiftUICustomAlert" */;
			buildPhases = (
				A945DA012D57364F0058BBF7 /* Sources */,
				A945DA022D57364F0058BBF7 /* Frameworks */,
				A945DA032D57364F0058BBF7 /* Resources */,
			);
			buildRules = (
			);
			dependencies = (
			);
			fileSystemSynchronizedGroups = (
				A945DA072D57364F0058BBF7 /* SwiftUICustomAlert */,
			);
			name = SwiftUICustomAlert;
			packageProductDependencies = (
			);
			productName = SwiftUICustomAlert;
			productReference = A945DA052D57364F0058BBF7 /* SwiftUICustomAlert.app */;
			productType = "com.apple.product-type.application";
		};
		A945DA142D5736500058BBF7 /* SwiftUICustomAlertTests */ = {
			isa = PBXNativeTarget;
			buildConfigurationList = A945DA2C2D5736500058BBF7 /* Build configuration list for PBXNativeTarget "SwiftUICustomAlertTests" */;
			buildPhases = (
				A945DA112D5736500058BBF7 /* Sources */,
				A945DA122D5736500058BBF7 /* Frameworks */,
				A945DA132D5736500058BBF7 /* Resources */,
			);
			buildRules = (
			);
			dependencies = (
				A945DA172D5736500058BBF7 /* PBXTargetDependency */,
			);
			fileSystemSynchronizedGroups = (
				A945DA182D5736500058BBF7 /* SwiftUICustomAlertTests */,
			);
			name = SwiftUICustomAlertTests;
			packageProductDependencies = (
			);
			productName = SwiftUICustomAlertTests;
			productReference = A945DA152D5736500058BBF7 /* SwiftUICustomAlertTests.xctest */;
			productType = "com.apple.product-type.bundle.unit-test";
		};
		A945DA1E2D5736500058BBF7 /* SwiftUICustomAlertUITests */ = {
			isa = PBXNativeTarget;
			buildConfigurationList = A945DA2F2D5736500058BBF7 /* Build configuration list for PBXNativeTarget "SwiftUICustomAlertUITests" */;
			buildPhases = (
				A945DA1B2D5736500058BBF7 /* Sources */,
				A945DA1C2D5736500058BBF7 /* Frameworks */,
				A945DA1D2D5736500058BBF7 /* Resources */,
			);
			buildRules = (
			);
			dependencies = (
				A945DA212D5736500058BBF7 /* PBXTargetDependency */,
			);
			fileSystemSynchronizedGroups = (
				A945DA222D5736500058BBF7 /* SwiftUICustomAlertUITests */,
			);
			name = SwiftUICustomAlertUITests;
			packageProductDependencies = (
			);
			productName = SwiftUICustomAlertUITests;
			productReference = A945DA1F2D5736500058BBF7 /* SwiftUICustomAlertUITests.xctest */;
			productType = "com.apple.product-type.bundle.ui-testing";
		};
/* End PBXNativeTarget section */

/* Begin PBXProject section */
		A945D9FD2D57364F0058BBF7 /* Project object */ = {
			isa = PBXProject;
			attributes = {
				BuildIndependentTargetsInParallel = 1;
				LastSwiftUpdateCheck = 1610;
				LastUpgradeCheck = 1610;
				TargetAttributes = {
					A945DA042D57364F0058BBF7 = {
						CreatedOnToolsVersion = 16.1;
					};
					A945DA142D5736500058BBF7 = {
						CreatedOnToolsVersion = 16.1;
						TestTargetID = A945DA042D57364F0058BBF7;
					};
					A945DA1E2D5736500058BBF7 = {
						CreatedOnToolsVersion = 16.1;
						TestTargetID = A945DA042D57364F0058BBF7;
					};
				};
			};
			buildConfigurationList = A945DA002D57364F0058BBF7 /* Build configuration list for PBXProject "SwiftUICustomAlert" */;
			developmentRegion = en;
			hasScannedForEncodings = 0;
			knownRegions = (
				en,
				Base,
			);
			mainGroup = A945D9FC2D57364F0058BBF7;
			minimizedProjectReferenceProxies = 1;
			preferredProjectObjectVersion = 77;
			productRefGroup = A945DA062D57364F0058BBF7 /* Products */;
			projectDirPath = "";
			projectRoot = "";
			targets = (
				A945DA042D57364F0058BBF7 /* SwiftUICustomAlert */,
				A945DA142D5736500058BBF7 /* SwiftUICustomAlertTests */,
				A945DA1E2D5736500058BBF7 /* SwiftUICustomAlertUITests */,
			);
		};
/* End PBXProject section */

/* Begin PBXResourcesBuildPhase section */
		A945DA032D57364F0058BBF7 /* Resources */ = {
			isa = PBXResourcesBuildPhase;
			buildActionMask = 2147483647;
			files = (
			);
			runOnlyForDeploymentPostprocessing = 0;
		};
		A945DA132D5736500058BBF7 /* Resources */ = {
			isa = PBXResourcesBuildPhase;
			buildActionMask = 2147483647;
			files = (
			);
			runOnlyForDeploymentPostprocessing = 0;
		};
		A945DA1D2D5736500058BBF7 /* Resources */ = {
			isa = PBXResourcesBuildPhase;
			buildActionMask = 2147483647;
			files = (
			);
			runOnlyForDeploymentPostprocessing = 0;
		};
/* End PBXResourcesBuildPhase section */

/* Begin PBXSourcesBuildPhase section */
		A945DA012D57364F0058BBF7 /* Sources */ = {
			isa = PBXSourcesBuildPhase;
			buildActionMask = 2147483647;
			files = (
			);
			runOnlyForDeploymentPostprocessing = 0;
		};
		A945DA112D5736500058BBF7 /* Sources */ = {
			isa = PBXSourcesBuildPhase;
			buildActionMask = 2147483647;
			files = (
			);
			runOnlyForDeploymentPostprocessing = 0;
		};
		A945DA1B2D5736500058BBF7 /* Sources */ = {
			isa = PBXSourcesBuildPhase;
			buildActionMask = 2147483647;
			files = (
			);
			runOnlyForDeploymentPostprocessing = 0;
		};
/* End PBXSourcesBuildPhase section */

/* Begin PBXTargetDependency section */
		A945DA172D5736500058BBF7 /* PBXTargetDependency */ = {
			isa = PBXTargetDependency;
			target = A945DA042D57364F0058BBF7 /* SwiftUICustomAlert */;
			targetProxy = A945DA162D5736500058BBF7 /* PBXContainerItemProxy */;
		};
		A945DA212D5736500058BBF7 /* PBXTargetDependency */ = {
			isa = PBXTargetDependency;
			target = A945DA042D57364F0058BBF7 /* SwiftUICustomAlert */;
			targetProxy = A945DA202D5736500058BBF7 /* PBXContainerItemProxy */;
		};
/* End PBXTargetDependency section */

/* Begin XCBuildConfiguration section */
		A945DA272D5736500058BBF7 /* Debug */ = {
			isa = XCBuildConfiguration;
			buildSettings = {
				ALWAYS_SEARCH_USER_PATHS = NO;
				ASSETCATALOG_COMPILER_GENERATE_SWIFT_ASSET_SYMBOL_EXTENSIONS = YES;
				CLANG_ANALYZER_NONNULL = YES;
				CLANG_ANALYZER_NUMBER_OBJECT_CONVERSION = YES_AGGRESSIVE;
				CLANG_CXX_LANGUAGE_STANDARD = "gnu++20";
				CLANG_ENABLE_MODULES = YES;
				CLANG_ENABLE_OBJC_ARC = YES;
				CLANG_ENABLE_OBJC_WEAK = YES;
				CLANG_WARN_BLOCK_CAPTURE_AUTORELEASING = YES;
				CLANG_WARN_BOOL_CONVERSION = YES;
				CLANG_WARN_COMMA = YES;
				CLANG_WARN_CONSTANT_CONVERSION = YES;
				CLANG_WARN_DEPRECATED_OBJC_IMPLEMENTATIONS = YES;
				CLANG_WARN_DIRECT_OBJC_ISA_USAGE = YES_ERROR;
				CLANG_WARN_DOCUMENTATION_COMMENTS = YES;
				CLANG_WARN_EMPTY_BODY = YES;
				CLANG_WARN_ENUM_CONVERSION = YES;
				CLANG_WARN_INFINITE_RECURSION = YES;
				CLANG_WARN_INT_CONVERSION = YES;
				CLANG_WARN_NON_LITERAL_NULL_CONVERSION = YES;
				CLANG_WARN_OBJC_IMPLICIT_RETAIN_SELF = YES;
				CLANG_WARN_OBJC_LITERAL_CONVERSION = YES;
				CLANG_WARN_OBJC_ROOT_CLASS = YES_ERROR;
				CLANG_WARN_QUOTED_INCLUDE_IN_FRAMEWORK_HEADER = YES;
				CLANG_WARN_RANGE_LOOP_ANALYSIS = YES;
				CLANG_WARN_STRICT_PROTOTYPES = YES;
				CLANG_WARN_SUSPICIOUS_MOVE = YES;
				CLANG_WARN_UNGUARDED_AVAILABILITY = YES_AGGRESSIVE;
				CLANG_WARN_UNREACHABLE_CODE = YES;
				CLANG_WARN__DUPLICATE_METHOD_MATCH = YES;
				COPY_PHASE_STRIP = NO;
				DEBUG_INFORMATION_FORMAT = dwarf;
				ENABLE_STRICT_OBJC_MSGSEND = YES;
				ENABLE_TESTABILITY = YES;
				ENABLE_USER_SCRIPT_SANDBOXING = YES;
				GCC_C_LANGUAGE_STANDARD = gnu17;
				GCC_DYNAMIC_NO_PIC = NO;
				GCC_NO_COMMON_BLOCKS = YES;
				GCC_OPTIMIZATION_LEVEL = 0;
				GCC_PREPROCESSOR_DEFINITIONS = (
					"DEBUG=1",
					"$(inherited)",
				);
				GCC_WARN_64_TO_32_BIT_CONVERSION = YES;
				GCC_WARN_ABOUT_RETURN_TYPE = YES_ERROR;
				GCC_WARN_UNDECLARED_SELECTOR = YES;
				GCC_WARN_UNINITIALIZED_AUTOS = YES_AGGRESSIVE;
				GCC_WARN_UNUSED_FUNCTION = YES;
				GCC_WARN_UNUSED_VARIABLE = YES;
				IPHONEOS_DEPLOYMENT_TARGET = 18.1;
				LOCALIZATION_PREFERS_STRING_CATALOGS = YES;
				MTL_ENABLE_DEBUG_INFO = INCLUDE_SOURCE;
				MTL_FAST_MATH = YES;
				ONLY_ACTIVE_ARCH = YES;
				SDKROOT = iphoneos;
				SWIFT_ACTIVE_COMPILATION_CONDITIONS = "DEBUG $(inherited)";
				SWIFT_OPTIMIZATION_LEVEL = "-Onone";
			};
			name = Debug;
		};
		A945DA282D5736500058BBF7 /* Release */ = {
			isa = XCBuildConfiguration;
			buildSettings = {
				ALWAYS_SEARCH_USER_PATHS = NO;
				ASSETCATALOG_COMPILER_GENERATE_SWIFT_ASSET_SYMBOL_EXTENSIONS = YES;
				CLANG_ANALYZER_NONNULL = YES;
				CLANG_ANALYZER_NUMBER_OBJECT_CONVERSION = YES_AGGRESSIVE;
				CLANG_CXX_LANGUAGE_STANDARD = "gnu++20";
				CLANG_ENABLE_MODULES = YES;
				CLANG_ENABLE_OBJC_ARC = YES;
				CLANG_ENABLE_OBJC_WEAK = YES;
				CLANG_WARN_BLOCK_CAPTURE_AUTORELEASING = YES;
				CLANG_WARN_BOOL_CONVERSION = YES;
				CLANG_WARN_COMMA = YES;
				CLANG_WARN_CONSTANT_CONVERSION = YES;
				CLANG_WARN_DEPRECATED_OBJC_IMPLEMENTATIONS = YES;
				CLANG_WARN_DIRECT_OBJC_ISA_USAGE = YES_ERROR;
				CLANG_WARN_DOCUMENTATION_COMMENTS = YES;
				CLANG_WARN_EMPTY_BODY = YES;
				CLANG_WARN_ENUM_CONVERSION = YES;
				CLANG_WARN_INFINITE_RECURSION = YES;
				CLANG_WARN_INT_CONVERSION = YES;
				CLANG_WARN_NON_LITERAL_NULL_CONVERSION = YES;
				CLANG_WARN_OBJC_IMPLICIT_RETAIN_SELF = YES;
				CLANG_WARN_OBJC_LITERAL_CONVERSION = YES;
				CLANG_WARN_OBJC_ROOT_CLASS = YES_ERROR;
				CLANG_WARN_QUOTED_INCLUDE_IN_FRAMEWORK_HEADER = YES;
				CLANG_WARN_RANGE_LOOP_ANALYSIS = YES;
				CLANG_WARN_STRICT_PROTOTYPES = YES;
				CLANG_WARN_SUSPICIOUS_MOVE = YES;
				CLANG_WARN_UNGUARDED_AVAILABILITY = YES_AGGRESSIVE;
				CLANG_WARN_UNREACHABLE_CODE = YES;
				CLANG_WARN__DUPLICATE_METHOD_MATCH = YES;
				COPY_PHASE_STRIP = NO;
				DEBUG_INFORMATION_FORMAT = "dwarf-with-dsym";
				ENABLE_NS_ASSERTIONS = NO;
				ENABLE_STRICT_OBJC_MSGSEND = YES;
				ENABLE_USER_SCRIPT_SANDBOXING = YES;
				GCC_C_LANGUAGE_STANDARD = gnu17;
				GCC_NO_COMMON_BLOCKS = YES;
				GCC_WARN_64_TO_32_BIT_CONVERSION = YES;
				GCC_WARN_ABOUT_RETURN_TYPE = YES_ERROR;
				GCC_WARN_UNDECLARED_SELECTOR = YES;
				GCC_WARN_UNINITIALIZED_AUTOS = YES_AGGRESSIVE;
				GCC_WARN_UNUSED_FUNCTION = YES;
				GCC_WARN_UNUSED_VARIABLE = YES;
				IPHONEOS_DEPLOYMENT_TARGET = 18.1;
				LOCALIZATION_PREFERS_STRING_CATALOGS = YES;
				MTL_ENABLE_DEBUG_INFO = NO;
				MTL_FAST_MATH = YES;
				SDKROOT = iphoneos;
				SWIFT_COMPILATION_MODE = wholemodule;
				VALIDATE_PRODUCT = YES;
			};
			name = Release;
		};
		A945DA2A2D5736500058BBF7 /* Debug */ = {
			isa = XCBuildConfiguration;
			buildSettings = {
				ASSETCATALOG_COMPILER_APPICON_NAME = AppIcon;
				ASSETCATALOG_COMPILER_GLOBAL_ACCENT_COLOR_NAME = AccentColor;
				CODE_SIGN_STYLE = Automatic;
				CURRENT_PROJECT_VERSION = 1;
				DEVELOPMENT_ASSET_PATHS = "\"SwiftUICustomAlert/Preview Content\"";
				ENABLE_PREVIEWS = YES;
				GENERATE_INFOPLIST_FILE = YES;
				INFOPLIST_KEY_UIApplicationSceneManifest_Generation = YES;
				INFOPLIST_KEY_UIApplicationSupportsIndirectInputEvents = YES;
				INFOPLIST_KEY_UILaunchScreen_Generation = YES;
				INFOPLIST_KEY_UISupportedInterfaceOrientations_iPad = "UIInterfaceOrientationPortrait UIInterfaceOrientationPortraitUpsideDown UIInterfaceOrientationLandscapeLeft UIInterfaceOrientationLandscapeRight";
				INFOPLIST_KEY_UISupportedInterfaceOrientations_iPhone = "UIInterfaceOrientationPortrait UIInterfaceOrientationLandscapeLeft UIInterfaceOrientationLandscapeRight";
				IPHONEOS_DEPLOYMENT_TARGET = 15.0;
				LD_RUNPATH_SEARCH_PATHS = (
					"$(inherited)",
					"@executable_path/Frameworks",
				);
				MARKETING_VERSION = 1.0;
				PRODUCT_BUNDLE_IDENTIFIER = com.jeongminkim.SwiftUICustomAlert;
				PRODUCT_NAME = "$(TARGET_NAME)";
				SWIFT_EMIT_LOC_STRINGS = YES;
				SWIFT_VERSION = 5.0;
				TARGETED_DEVICE_FAMILY = "1,2";
			};
			name = Debug;
		};
		A945DA2B2D5736500058BBF7 /* Release */ = {
			isa = XCBuildConfiguration;
			buildSettings = {
				ASSETCATALOG_COMPILER_APPICON_NAME = AppIcon;
				ASSETCATALOG_COMPILER_GLOBAL_ACCENT_COLOR_NAME = AccentColor;
				CODE_SIGN_STYLE = Automatic;
				CURRENT_PROJECT_VERSION = 1;
				DEVELOPMENT_ASSET_PATHS = "\"SwiftUICustomAlert/Preview Content\"";
				ENABLE_PREVIEWS = YES;
				GENERATE_INFOPLIST_FILE = YES;
				INFOPLIST_KEY_UIApplicationSceneManifest_Generation = YES;
				INFOPLIST_KEY_UIApplicationSupportsIndirectInputEvents = YES;
				INFOPLIST_KEY_UILaunchScreen_Generation = YES;
				INFOPLIST_KEY_UISupportedInterfaceOrientations_iPad = "UIInterfaceOrientationPortrait UIInterfaceOrientationPortraitUpsideDown UIInterfaceOrientationLandscapeLeft UIInterfaceOrientationLandscapeRight";
				INFOPLIST_KEY_UISupportedInterfaceOrientations_iPhone = "UIInterfaceOrientationPortrait UIInterfaceOrientationLandscapeLeft UIInterfaceOrientationLandscapeRight";
				IPHONEOS_DEPLOYMENT_TARGET = 15.0;
				LD_RUNPATH_SEARCH_PATHS = (
					"$(inherited)",
					"@executable_path/Frameworks",
				);
				MARKETING_VERSION = 1.0;
				PRODUCT_BUNDLE_IDENTIFIER = com.jeongminkim.SwiftUICustomAlert;
				PRODUCT_NAME = "$(TARGET_NAME)";
				SWIFT_EMIT_LOC_STRINGS = YES;
				SWIFT_VERSION = 5.0;
				TARGETED_DEVICE_FAMILY = "1,2";
			};
			name = Release;
		};
		A945DA2D2D5736500058BBF7 /* Debug */ = {
			isa = XCBuildConfiguration;
			buildSettings = {
				BUNDLE_LOADER = "$(TEST_HOST)";
				CODE_SIGN_STYLE = Automatic;
				CURRENT_PROJECT_VERSION = 1;
				GENERATE_INFOPLIST_FILE = YES;
				IPHONEOS_DEPLOYMENT_TARGET = 18.1;
				MARKETING_VERSION = 1.0;
				PRODUCT_BUNDLE_IDENTIFIER = com.jeongminkim.SwiftUICustomAlertTests;
				PRODUCT_NAME = "$(TARGET_NAME)";
				SWIFT_EMIT_LOC_STRINGS = NO;
				SWIFT_VERSION = 5.0;
				TARGETED_DEVICE_FAMILY = "1,2";
				TEST_HOST = "$(BUILT_PRODUCTS_DIR)/SwiftUICustomAlert.app/$(BUNDLE_EXECUTABLE_FOLDER_PATH)/SwiftUICustomAlert";
			};
			name = Debug;
		};
		A945DA2E2D5736500058BBF7 /* Release */ = {
			isa = XCBuildConfiguration;
			buildSettings = {
				BUNDLE_LOADER = "$(TEST_HOST)";
				CODE_SIGN_STYLE = Automatic;
				CURRENT_PROJECT_VERSION = 1;
				GENERATE_INFOPLIST_FILE = YES;
				IPHONEOS_DEPLOYMENT_TARGET = 18.1;
				MARKETING_VERSION = 1.0;
				PRODUCT_BUNDLE_IDENTIFIER = com.jeongminkim.SwiftUICustomAlertTests;
				PRODUCT_NAME = "$(TARGET_NAME)";
				SWIFT_EMIT_LOC_STRINGS = NO;
				SWIFT_VERSION = 5.0;
				TARGETED_DEVICE_FAMILY = "1,2";
				TEST_HOST = "$(BUILT_PRODUCTS_DIR)/SwiftUICustomAlert.app/$(BUNDLE_EXECUTABLE_FOLDER_PATH)/SwiftUICustomAlert";
			};
			name = Release;
		};
		A945DA302D5736500058BBF7 /* Debug */ = {
			isa = XCBuildConfiguration;
			buildSettings = {
				CODE_SIGN_STYLE = Automatic;
				CURRENT_PROJECT_VERSION = 1;
				GENERATE_INFOPLIST_FILE = YES;
				MARKETING_VERSION = 1.0;
				PRODUCT_BUNDLE_IDENTIFIER = com.jeongminkim.SwiftUICustomAlertUITests;
				PRODUCT_NAME = "$(TARGET_NAME)";
				SWIFT_EMIT_LOC_STRINGS = NO;
				SWIFT_VERSION = 5.0;
				TARGETED_DEVICE_FAMILY = "1,2";
				TEST_TARGET_NAME = SwiftUICustomAlert;
			};
			name = Debug;
		};
		A945DA312D5736500058BBF7 /* Release */ = {
			isa = XCBuildConfiguration;
			buildSettings = {
				CODE_SIGN_STYLE = Automatic;
				CURRENT_PROJECT_VERSION = 1;
				GENERATE_INFOPLIST_FILE = YES;
				MARKETING_VERSION = 1.0;
				PRODUCT_BUNDLE_IDENTIFIER = com.jeongminkim.SwiftUICustomAlertUITests;
				PRODUCT_NAME = "$(TARGET_NAME)";
				SWIFT_EMIT_LOC_STRINGS = NO;
				SWIFT_VERSION = 5.0;
				TARGETED_DEVICE_FAMILY = "1,2";
				TEST_TARGET_NAME = SwiftUICustomAlert;
			};
			name = Release;
		};
/* End XCBuildConfiguration section */

/* Begin XCConfigurationList section */
		A945DA002D57364F0058BBF7 /* Build configuration list for PBXProject "SwiftUICustomAlert" */ = {
			isa = XCConfigurationList;
			buildConfigurations = (
				A945DA272D5736500058BBF7 /* Debug */,
				A945DA282D5736500058BBF7 /* Release */,
			);
			defaultConfigurationIsVisible = 0;
			defaultConfigurationName = Release;
		};
		A945DA292D5736500058BBF7 /* Build configuration list for PBXNativeTarget "SwiftUICustomAlert" */ = {
			isa = XCConfigurationList;
			buildConfigurations = (
				A945DA2A2D5736500058BBF7 /* Debug */,
				A945DA2B2D5736500058BBF7 /* Release */,
			);
			defaultConfigurationIsVisible = 0;
			defaultConfigurationName = Release;
		};
		A945DA2C2D5736500058BBF7 /* Build configuration list for PBXNativeTarget "SwiftUICustomAlertTests" */ = {
			isa = XCConfigurationList;
			buildConfigurations = (
				A945DA2D2D5736500058BBF7 /* Debug */,
				A945DA2E2D5736500058BBF7 /* Release */,
			);
			defaultConfigurationIsVisible = 0;
			defaultConfigurationName = Release;
		};
		A945DA2F2D5736500058BBF7 /* Build configuration list for PBXNativeTarget "SwiftUICustomAlertUITests" */ = {
			isa = XCConfigurationList;
			buildConfigurations = (
				A945DA302D5736500058BBF7 /* Debug */,
				A945DA312D5736500058BBF7 /* Release */,
			);
			defaultConfigurationIsVisible = 0;
			defaultConfigurationName = Release;
		};
/* End XCConfigurationList section */
	};
	rootObject = A945D9FD2D57364F0058BBF7 /* Project object */;
}
